
Microsoft Visual Studio Solution File, Format Version 11.00
# Visual Studio 2010
Project("{F184B08F-C81C-45F6-A57F-5ABD9991F28F}") = "UT2_POO", "UT2_POO\UT2_POO.vbproj", "{FA86BEDA-34DD-47DD-A259-CC66CF858E4F}"
EndProject
Global
	GlobalSection(SolutionConfigurationPlatforms) = preSolution
		Debug|x86 = Debug|x86
		Release|x86 = Release|x86
	EndGlobalSection
	GlobalSection(ProjectConfigurationPlatforms) = postSolution
		{FA86BEDA-34DD-47DD-A259-CC66CF858E4F}.Debug|x86.ActiveCfg = Debug|x86
		{FA86BEDA-34DD-47DD-A259-CC66CF858E4F}.Debug|x86.Build.0 = Debug|x86
		{FA86BEDA-34DD-47DD-A259-CC66CF858E4F}.Release|x86.ActiveCfg = Release|x86
		{FA86BEDA-34DD-47DD-A259-CC66CF858E4F}.Release|x86.Build.0 = Release|x86
	EndGlobalSection
	GlobalSection(SolutionProperties) = preSolution
		HideSolutionNode = FALSE
	EndGlobalSection
EndGlobal
